{
  "lockfile_version": "1",
  "packages": {
    "awscli2@latest": {
      "last_modified": "2026-06-22T09:00:13Z",
      "resolved": "github:NixOS/nixpkgs/b3c092d3c36d91e2f61f3dfb39a159f180a56659#awscli2",
      "source": "devbox-search",
      "version": "2.34.24",
      "systems": {
        "aarch64-darwin": {
          "outputs": [
            {
              "name": "out",
              "path": "/nix/store/amg9273djzjbvqdc9qk7fpk1vg6gxmlh-awscli2-2.34.24",
              "default": true
            },
            {
              "name": "dist",
              "path": "/nix/store/jj8i283xsmakhigbxs1n0335yzzd454y-awscli2-2.34.24-dist"
            }
          ],
          "store_path": "/nix/store/amg9273djzjbvqdc9qk7fpk1vg6gxmlh-awscli2-2.34.24"
        },
        "aarch64-linux": {
          "outputs": [
            {
              "name": "out",
              "path": "/nix/store/nxwkwdhb9xamfxfmxsydz4vf3qhy01kr-awscli2-2.34.24",
              "default": true
            },
            {
              "name": "dist",
              "path": "/nix/store/p6z960yq7kbxx0x9w33mm21jj1dbb1yv-awscli2-2.34.24-dist"
            }
          ],
          "store_path": "/nix/store/nxwkwdhb9xamfxfmxsydz4vf3qhy01kr-awscli2-2.34.24"
        },
        "x86_64-darwin": {
          "outputs": [
            {
              "name": "out",
              "path": "/nix/store/zm5864vgjbykq5diy10rna9c8xmvbdrh-awscli2-2.34.24",
              "default": true
            },
            {
              "name": "dist",
              "path": "/nix/store/90flf4g47q7vib5jc00i3fkck6qqp3gm-awscli2-2.34.24-dist"
            }
          ],
          "store_path": "/nix/store/zm5864vgjbykq5diy10rna9c8xmvbdrh-awscli2-2.34.24"
        },
        "x86_64-linux": {
          "outputs": [
            {
              "name": "out",
              "path": "/nix/store/8445i4yhik55q8ggblah3nsv546hax87-awscli2-2.34.24",
              "default": true
            },
            {
              "name": "dist",
              "path": "/nix/store/k7dp1lpj8j9n08y7a6klczyhx6g84imw-awscli2-2.34.24-dist"
            }
          ],
          "store_path": "/nix/store/8445i4yhik55q8ggblah3nsv546hax87-awscli2-2.34.24"
        }
      }
    },
    "github:NixOS/nixpkgs/nixpkgs-unstable": {
      "last_modified": "2026-06-23T00:43:55Z",
      "resolved": "github:NixOS/nixpkgs/89570f24e97e614aa34aa9ab1c927b6578a43775?lastModified=1782175435&narHash=sha256-EMzXKmnOtBQ2MnvpiNOm7E%2BkOMvdPrIKaeg52Tip2Uk%3D"
    },
    "just@latest": {
      "last_modified": "2026-05-21T08:15:18Z",
      "resolved": "github:NixOS/nixpkgs/4a29d733e8a7d5b824c3d8c958a946a9867b3eb2#just",
      "source": "devbox-search",
      "version": "1.51.0",
      "systems": {
        "aarch64-darwin": {
          "outputs": [
            {
              "name": "out",
              "path": "/nix/store/18ml04rix1526kmcv5fcir6n7cb8lxyf-just-1.51.0",
              "default": true
            },
            {
              "name": "man",
              "path": "/nix/store/48iac05gjz4kjpx605hcgn95an8ary9q-just-1.51.0-man",
              "default": true
            },
            {
              "name": "doc",
              "path": "/nix/store/d0n7b7xd2miyja6m2nlzc2szj0gqzgxb-just-1.51.0-doc"
            }
          ],
          "store_path": "/nix/store/18ml04rix1526kmcv5fcir6n7cb8lxyf-just-1.51.0"
        },
        "aarch64-linux": {
          "outputs": [
            {
              "name": "out",
              "path": "/nix/store/6q8i59br2gzxnqax4dz3g1fmkwp2mfs2-just-1.51.0",
              "default": true
            },
            {
              "name": "man",
              "path": "/nix/store/8ygmlmpxmggc2wqbkz1yhf7fz5nwg084-just-1.51.0-man",
              "default": true
            },
            {
              "name": "doc",
              "path": "/nix/store/ppj3c78k6x3bql77f3mgrjjrxb2jjc0q-just-1.51.0-doc"
            }
          ],
          "store_path": "/nix/store/6q8i59br2gzxnqax4dz3g1fmkwp2mfs2-just-1.51.0"
        },
        "x86_64-darwin": {
          "outputs": [
            {
              "name": "out",
              "path": "/nix/store/7ppiil9ycr565vqgbc18x4rpgbfgcnzy-just-1.51.0",
              "default": true
            },
            {
              "name": "man",
              "path": "/nix/store/144wqvh3s441y05xvzn8m16rhcqbki7d-just-1.51.0-man",
              "default": true
            },
            {
              "name": "doc",
              "path": "/nix/store/x5g644hwbjdlij9w37gwgg1z1h4b6qqk-just-1.51.0-doc"
            }
          ],
          "store_path": "/nix/store/7ppiil9ycr565vqgbc18x4rpgbfgcnzy-just-1.51.0"
        },
        "x86_64-linux": {
          "outputs": [
            {
              "name": "out",
              "path": "/nix/store/3j32zmchv9wd60qng1mm04yj07wf04i8-just-1.51.0",
              "default": true
            },
            {
              "name": "man",
              "path": "/nix/store/p04vig0h2hj7hg5vgd74n5nphlcy23l8-just-1.51.0-man",
              "default": true
            },
            {
              "name": "doc",
              "path": "/nix/store/r800x8xppg70s00hw3h6x9cxpd6nh06y-just-1.51.0-doc"
            }
          ],
          "store_path": "/nix/store/3j32zmchv9wd60qng1mm04yj07wf04i8-just-1.51.0"
        }
      }
    },
    "python@latest": {
      "last_modified": "2026-05-21T08:15:18Z",
      "plugin_version": "0.0.5",
      "resolved": "github:NixOS/nixpkgs/4a29d733e8a7d5b824c3d8c958a946a9867b3eb2#python314",
      "source": "devbox-search",
      "version": "3.14.4",
      "systems": {
        "aarch64-darwin": {
          "outputs": [
            {
              "name": "out",
              "path": "/nix/store/aqilljq85wr5srwy6a9qj0q6qzgb72kn-python3-3.14.4",
              "default": true
            }
          ],
          "store_path": "/nix/store/aqilljq85wr5srwy6a9qj0q6qzgb72kn-python3-3.14.4"
        },
        "aarch64-linux": {
          "outputs": [
            {
              "name": "out",
              "path": "/nix/store/rl4kma7jrdrmy725x7369n7wlmdy9is6-python3-3.14.4",
              "default": true
            },
            {
              "name": "debug",
              "path": "/nix/store/kcvqf2fc6w30g6rf3ycq5h8dyq078vrk-python3-3.14.4-debug"
            }
          ],
          "store_path": "/nix/store/rl4kma7jrdrmy725x7369n7wlmdy9is6-python3-3.14.4"
        },
        "x86_64-darwin": {
          "outputs": [
            {
              "name": "out",
              "path": "/nix/store/jcdipgz053jzsn8j9409d5r751gzh2m2-python3-3.14.4",
              "default": true
            }
          ],
          "store_path": "/nix/store/jcdipgz053jzsn8j9409d5r751gzh2m2-python3-3.14.4"
        },
        "x86_64-linux": {
          "outputs": [
            {
              "name": "out",
              "path": "/nix/store/zrx2128nk8aadnvhjc3n8za9hw08hqx9-python3-3.14.4",
              "default": true
            },
            {
              "name": "debug",
              "path": "/nix/store/nszab758wrnjv9qfi5a5xghqkdwj3pzc-python3-3.14.4-debug"
            }
          ],
          "store_path": "/nix/store/zrx2128nk8aadnvhjc3n8za9hw08hqx9-python3-3.14.4"
        }
      }
    },
    "uv@latest": {
      "last_modified": "2026-05-31T16:57:23Z",
      "resolved": "github:NixOS/nixpkgs/3109eaae18e09d0b8aef23dc2579e7d94b8d4b4e#uv",
      "source": "devbox-search",
      "version": "0.11.17",
      "systems": {
        "aarch64-darwin": {
          "outputs": [
            {
              "name": "out",
              "path": "/nix/store/vac3cff9gy7gwsc7fkvq6xam9y6pyfis-uv-0.11.17",
              "default": true
            }
          ],
          "store_path": "/nix/store/vac3cff9gy7gwsc7fkvq6xam9y6pyfis-uv-0.11.17"
        },
        "aarch64-linux": {
          "outputs": [
            {
              "name": "out",
              "path": "/nix/store/44ca5s53vkly9vz5rmb6f9m4v562ilqj-uv-0.11.17",
              "default": true
            }
          ],
          "store_path": "/nix/store/44ca5s53vkly9vz5rmb6f9m4v562ilqj-uv-0.11.17"
        },
        "x86_64-darwin": {
          "outputs": [
            {
              "name": "out",
              "path": "/nix/store/qnird3c2xrh089mwjir4hb756awibiiz-uv-0.11.17",
              "default": true
            }
          ],
          "store_path": "/nix/store/qnird3c2xrh089mwjir4hb756awibiiz-uv-0.11.17"
        },
        "x86_64-linux": {
          "outputs": [
            {
              "name": "out",
              "path": "/nix/store/9yd6g2f18vlqqmj38rdgm3ih5q8022d4-uv-0.11.17",
              "default": true
            }
          ],
          "store_path": "/nix/store/9yd6g2f18vlqqmj38rdgm3ih5q8022d4-uv-0.11.17"
        }
      }
    }
  }
}
